
Microsoft Visual Studio Solution File, Format Version 12.00
# Visual Studio 15
VisualStudioVersion = 15.0.28010.2036
MinimumVisualStudioVersion = 10.0.40219.1
Project("{9A19103F-16F7-4668-BE54-9A1E7A4F7556}") = "wt.libraries.core", "wt.libraries.core\wt.libraries.core.csproj", "{D2C64493-C240-45A9-9BEE-D11117035153}"
EndProject
Project("{9A19103F-16F7-4668-BE54-9A1E7A4F7556}") = "wt.core-test", "wt.core-test\wt.core-test.csproj", "{2FF9CE7C-C0EB-4C2F-BF67-B4216B04E5D9}"
EndProject
Project("{FAE04EC0-301F-11D3-BF4B-00C04F79EFBC}") = "wt.core.android", "wt.core.android\wt.core.android.csproj", "{8F58CFF1-EB2F-43EA-87B6-F359C81390CD}"
EndProject
Project("{FAE04EC0-301F-11D3-BF4B-00C04F79EFBC}") = "wt.core.ios", "wt.core.ios\wt.core.ios.csproj", "{E71F3053-056C-4381-9638-048ED73BDFF6}"
EndProject
Project("{2150E333-8FDC-42A3-9474-1A3956D46DE8}") = "Source", "Source", "{6DDD8A7E-DBA0-41C4-A9F4-A768724E4285}"
EndProject
Project("{2150E333-8FDC-42A3-9474-1A3956D46DE8}") = "Tests", "Tests", "{F1DCEAFF-557D-4903-8620-464B104035DD}"
EndProject
Project("{FAE04EC0-301F-11D3-BF4B-00C04F79EFBC}") = "wt.core.win", "wt.core.win\wt.core.win.csproj", "{59CA7151-0CFB-458B-8388-EC73221D3E69}"
EndProject
Project("{FAE04EC0-301F-11D3-BF4B-00C04F79EFBC}") = "wt.core.win-test", "wt.core.win-test\wt.core.win-test.csproj", "{37A84D33-BB65-4112-B83A-70CA36FA03D2}"
EndProject
Global
	GlobalSection(SolutionConfigurationPlatforms) = preSolution
		Debug|Any CPU = Debug|Any CPU
		Release|Any CPU = Release|Any CPU
	EndGlobalSection
	GlobalSection(ProjectConfigurationPlatforms) = postSolution
		{D2C64493-C240-45A9-9BEE-D11117035153}.Debug|Any CPU.ActiveCfg = Debug|Any CPU
		{D2C64493-C240-45A9-9BEE-D11117035153}.Debug|Any CPU.Build.0 = Debug|Any CPU
		{D2C64493-C240-45A9-9BEE-D11117035153}.Release|Any CPU.ActiveCfg = Release|Any CPU
		{D2C64493-C240-45A9-9BEE-D11117035153}.Release|Any CPU.Build.0 = Release|Any CPU
		{2FF9CE7C-C0EB-4C2F-BF67-B4216B04E5D9}.Debug|Any CPU.ActiveCfg = Debug|Any CPU
		{2FF9CE7C-C0EB-4C2F-BF67-B4216B04E5D9}.Debug|Any CPU.Build.0 = Debug|Any CPU
		{2FF9CE7C-C0EB-4C2F-BF67-B4216B04E5D9}.Release|Any CPU.ActiveCfg = Release|Any CPU
		{2FF9CE7C-C0EB-4C2F-BF67-B4216B04E5D9}.Release|Any CPU.Build.0 = Release|Any CPU
		{8F58CFF1-EB2F-43EA-87B6-F359C81390CD}.Debug|Any CPU.ActiveCfg = Debug|Any CPU
		{8F58CFF1-EB2F-43EA-87B6-F359C81390CD}.Debug|Any CPU.Build.0 = Debug|Any CPU
		{8F58CFF1-EB2F-43EA-87B6-F359C81390CD}.Release|Any CPU.ActiveCfg = Release|Any CPU
		{8F58CFF1-EB2F-43EA-87B6-F359C81390CD}.Release|Any CPU.Build.0 = Release|Any CPU
		{E71F3053-056C-4381-9638-048ED73BDFF6}.Debug|Any CPU.ActiveCfg = Debug|Any CPU
		{E71F3053-056C-4381-9638-048ED73BDFF6}.Debug|Any CPU.Build.0 = Debug|Any CPU
		{E71F3053-056C-4381-9638-048ED73BDFF6}.Release|Any CPU.ActiveCfg = Release|Any CPU
		{E71F3053-056C-4381-9638-048ED73BDFF6}.Release|Any CPU.Build.0 = Release|Any CPU
		{59CA7151-0CFB-458B-8388-EC73221D3E69}.Debug|Any CPU.ActiveCfg = Debug|Any CPU
		{59CA7151-0CFB-458B-8388-EC73221D3E69}.Debug|Any CPU.Build.0 = Debug|Any CPU
		{59CA7151-0CFB-458B-8388-EC73221D3E69}.Release|Any CPU.ActiveCfg = Release|Any CPU
		{59CA7151-0CFB-458B-8388-EC73221D3E69}.Release|Any CPU.Build.0 = Release|Any CPU
		{37A84D33-BB65-4112-B83A-70CA36FA03D2}.Debug|Any CPU.ActiveCfg = Debug|Any CPU
		{37A84D33-BB65-4112-B83A-70CA36FA03D2}.Debug|Any CPU.Build.0 = Debug|Any CPU
		{37A84D33-BB65-4112-B83A-70CA36FA03D2}.Release|Any CPU.ActiveCfg = Release|Any CPU
		{37A84D33-BB65-4112-B83A-70CA36FA03D2}.Release|Any CPU.Build.0 = Release|Any CPU
	EndGlobalSection
	GlobalSection(SolutionProperties) = preSolution
		HideSolutionNode = FALSE
	EndGlobalSection
	GlobalSection(NestedProjects) = preSolution
		{D2C64493-C240-45A9-9BEE-D11117035153} = {6DDD8A7E-DBA0-41C4-A9F4-A768724E4285}
		{2FF9CE7C-C0EB-4C2F-BF67-B4216B04E5D9} = {F1DCEAFF-557D-4903-8620-464B104035DD}
		{8F58CFF1-EB2F-43EA-87B6-F359C81390CD} = {6DDD8A7E-DBA0-41C4-A9F4-A768724E4285}
		{E71F3053-056C-4381-9638-048ED73BDFF6} = {6DDD8A7E-DBA0-41C4-A9F4-A768724E4285}
		{59CA7151-0CFB-458B-8388-EC73221D3E69} = {6DDD8A7E-DBA0-41C4-A9F4-A768724E4285}
		{37A84D33-BB65-4112-B83A-70CA36FA03D2} = {F1DCEAFF-557D-4903-8620-464B104035DD}
	EndGlobalSection
	GlobalSection(ExtensibilityGlobals) = postSolution
		SolutionGuid = {A67BC0A5-000F-4986-A649-2BF432C25369}
	EndGlobalSection
EndGlobal
