
Microsoft Visual Studio Solution File, Format Version 12.00
# Visual Studio 2013
VisualStudioVersion = 12.0.30501.0
MinimumVisualStudioVersion = 10.0.40219.1
Project("{2150E333-8FDC-42A3-9474-1A3956D46DE8}") = "CoreLibs", "CoreLibs", "{831B6A87-17BB-4657-9805-A08AAECB014E}"
EndProject
Project("{FAE04EC0-301F-11D3-BF4B-00C04F79EFBC}") = "AtrParser", "AtrParser\AtrParser.csproj", "{24E995B5-83DA-42A6-B773-5D982FB7386B}"
EndProject
Project("{2150E333-8FDC-42A3-9474-1A3956D46DE8}") = ".nuget", ".nuget", "{2C22F009-4D30-4C73-960C-F7B6208151E6}"
	ProjectSection(SolutionItems) = preProject
		.nuget\NuGet.Config = .nuget\NuGet.Config
		.nuget\NuGet.exe = .nuget\NuGet.exe
		.nuget\NuGet.targets = .nuget\NuGet.targets
	EndProjectSection
EndProject
Project("{FAE04EC0-301F-11D3-BF4B-00C04F79EFBC}") = "whiletrue.core", "WhileTrue.Core\whiletrue.core.csproj", "{79135144-F37C-44E2-8CA6-B8742820E09A}"
EndProject
Project("{FAE04EC0-301F-11D3-BF4B-00C04F79EFBC}") = "whiletrue.modelinspector", "WhileTrue.ModelInspector\whiletrue.modelinspector.csproj", "{9EC4F49E-0201-4E00-9506-D5008B874D3B}"
EndProject
Project("{FAE04EC0-301F-11D3-BF4B-00C04F79EFBC}") = "whiletrue.samples", "WhileTrue.Samples\whiletrue.samples.csproj", "{B6D64C2A-11D9-44E7-909C-CD0C4C34ADC2}"
EndProject
Project("{2150E333-8FDC-42A3-9474-1A3956D46DE8}") = "Documentation", "Documentation", "{2BC9946E-EB4F-482A-A281-08668DD8E10A}"
EndProject
Project("{FAE04EC0-301F-11D3-BF4B-00C04F79EFBC}") = "DocExamples", "..\Documentation\Examples\DocExamples.csproj", "{B625F2B1-9762-4305-982A-E2B817FC8C0D}"
EndProject
Project("{FAE04EC0-301F-11D3-BF4B-00C04F79EFBC}") = "XTransformer", "XTransformer\XTransformer.csproj", "{81C44668-8AB7-4B98-B55B-F478C732C54C}"
EndProject
Project("{FAE04EC0-301F-11D3-BF4B-00C04F79EFBC}") = "whiletrue.smartcard", "WhileTrue.SmartCard\whiletrue.smartcard.csproj", "{0769E54C-4E6C-4BC3-8559-4BC0770D91FE}"
EndProject
Global
	GlobalSection(SolutionConfigurationPlatforms) = preSolution
		v4.0_Debug|Any CPU = v4.0_Debug|Any CPU
		v4.0_Debug|Mixed Platforms = v4.0_Debug|Mixed Platforms
		v4.0_Release|Any CPU = v4.0_Release|Any CPU
		v4.0_Release|Mixed Platforms = v4.0_Release|Mixed Platforms
		v4.5_Debug|Any CPU = v4.5_Debug|Any CPU
		v4.5_Debug|Mixed Platforms = v4.5_Debug|Mixed Platforms
		v4.5_Release|Any CPU = v4.5_Release|Any CPU
		v4.5_Release|Mixed Platforms = v4.5_Release|Mixed Platforms
	EndGlobalSection
	GlobalSection(ProjectConfigurationPlatforms) = postSolution
		{24E995B5-83DA-42A6-B773-5D982FB7386B}.v4.0_Debug|Any CPU.ActiveCfg = Debug|Any CPU
		{24E995B5-83DA-42A6-B773-5D982FB7386B}.v4.0_Debug|Any CPU.Build.0 = Debug|Any CPU
		{24E995B5-83DA-42A6-B773-5D982FB7386B}.v4.0_Debug|Mixed Platforms.ActiveCfg = Debug|Any CPU
		{24E995B5-83DA-42A6-B773-5D982FB7386B}.v4.0_Debug|Mixed Platforms.Build.0 = Debug|Any CPU
		{24E995B5-83DA-42A6-B773-5D982FB7386B}.v4.0_Release|Any CPU.ActiveCfg = Release|Any CPU
		{24E995B5-83DA-42A6-B773-5D982FB7386B}.v4.0_Release|Any CPU.Build.0 = Release|Any CPU
		{24E995B5-83DA-42A6-B773-5D982FB7386B}.v4.0_Release|Mixed Platforms.ActiveCfg = Release|Any CPU
		{24E995B5-83DA-42A6-B773-5D982FB7386B}.v4.0_Release|Mixed Platforms.Build.0 = Release|Any CPU
		{24E995B5-83DA-42A6-B773-5D982FB7386B}.v4.5_Debug|Any CPU.ActiveCfg = Debug|Any CPU
		{24E995B5-83DA-42A6-B773-5D982FB7386B}.v4.5_Debug|Any CPU.Build.0 = Debug|Any CPU
		{24E995B5-83DA-42A6-B773-5D982FB7386B}.v4.5_Debug|Mixed Platforms.ActiveCfg = Debug|Any CPU
		{24E995B5-83DA-42A6-B773-5D982FB7386B}.v4.5_Debug|Mixed Platforms.Build.0 = Debug|Any CPU
		{24E995B5-83DA-42A6-B773-5D982FB7386B}.v4.5_Release|Any CPU.ActiveCfg = Release|Any CPU
		{24E995B5-83DA-42A6-B773-5D982FB7386B}.v4.5_Release|Any CPU.Build.0 = Release|Any CPU
		{24E995B5-83DA-42A6-B773-5D982FB7386B}.v4.5_Release|Mixed Platforms.ActiveCfg = Release|Any CPU
		{24E995B5-83DA-42A6-B773-5D982FB7386B}.v4.5_Release|Mixed Platforms.Build.0 = Release|Any CPU
		{79135144-F37C-44E2-8CA6-B8742820E09A}.v4.0_Debug|Any CPU.ActiveCfg = v4.0_Debug|Any CPU
		{79135144-F37C-44E2-8CA6-B8742820E09A}.v4.0_Debug|Any CPU.Build.0 = v4.0_Debug|Any CPU
		{79135144-F37C-44E2-8CA6-B8742820E09A}.v4.0_Debug|Mixed Platforms.ActiveCfg = v4.0_Debug|Any CPU
		{79135144-F37C-44E2-8CA6-B8742820E09A}.v4.0_Debug|Mixed Platforms.Build.0 = v4.0_Debug|Any CPU
		{79135144-F37C-44E2-8CA6-B8742820E09A}.v4.0_Release|Any CPU.ActiveCfg = v4.0_Release|Any CPU
		{79135144-F37C-44E2-8CA6-B8742820E09A}.v4.0_Release|Any CPU.Build.0 = v4.0_Release|Any CPU
		{79135144-F37C-44E2-8CA6-B8742820E09A}.v4.0_Release|Mixed Platforms.ActiveCfg = v4.0_Release|Any CPU
		{79135144-F37C-44E2-8CA6-B8742820E09A}.v4.0_Release|Mixed Platforms.Build.0 = v4.0_Release|Any CPU
		{79135144-F37C-44E2-8CA6-B8742820E09A}.v4.5_Debug|Any CPU.ActiveCfg = v4.5_Debug|Any CPU
		{79135144-F37C-44E2-8CA6-B8742820E09A}.v4.5_Debug|Any CPU.Build.0 = v4.5_Debug|Any CPU
		{79135144-F37C-44E2-8CA6-B8742820E09A}.v4.5_Debug|Mixed Platforms.ActiveCfg = v4.5_Debug|Any CPU
		{79135144-F37C-44E2-8CA6-B8742820E09A}.v4.5_Debug|Mixed Platforms.Build.0 = v4.5_Debug|Any CPU
		{79135144-F37C-44E2-8CA6-B8742820E09A}.v4.5_Release|Any CPU.ActiveCfg = v4.5_Release|Any CPU
		{79135144-F37C-44E2-8CA6-B8742820E09A}.v4.5_Release|Any CPU.Build.0 = v4.5_Release|Any CPU
		{79135144-F37C-44E2-8CA6-B8742820E09A}.v4.5_Release|Mixed Platforms.ActiveCfg = v4.5_Release|Any CPU
		{79135144-F37C-44E2-8CA6-B8742820E09A}.v4.5_Release|Mixed Platforms.Build.0 = v4.5_Release|Any CPU
		{9EC4F49E-0201-4E00-9506-D5008B874D3B}.v4.0_Debug|Any CPU.ActiveCfg = v4.0_Debug|Any CPU
		{9EC4F49E-0201-4E00-9506-D5008B874D3B}.v4.0_Debug|Any CPU.Build.0 = v4.0_Debug|Any CPU
		{9EC4F49E-0201-4E00-9506-D5008B874D3B}.v4.0_Debug|Mixed Platforms.ActiveCfg = v4.0_Debug|Any CPU
		{9EC4F49E-0201-4E00-9506-D5008B874D3B}.v4.0_Debug|Mixed Platforms.Build.0 = v4.0_Debug|Any CPU
		{9EC4F49E-0201-4E00-9506-D5008B874D3B}.v4.0_Release|Any CPU.ActiveCfg = v4.0_Release|Any CPU
		{9EC4F49E-0201-4E00-9506-D5008B874D3B}.v4.0_Release|Any CPU.Build.0 = v4.0_Release|Any CPU
		{9EC4F49E-0201-4E00-9506-D5008B874D3B}.v4.0_Release|Mixed Platforms.ActiveCfg = v4.0_Release|Any CPU
		{9EC4F49E-0201-4E00-9506-D5008B874D3B}.v4.0_Release|Mixed Platforms.Build.0 = v4.0_Release|Any CPU
		{9EC4F49E-0201-4E00-9506-D5008B874D3B}.v4.5_Debug|Any CPU.ActiveCfg = v4.5_Debug|Any CPU
		{9EC4F49E-0201-4E00-9506-D5008B874D3B}.v4.5_Debug|Any CPU.Build.0 = v4.5_Debug|Any CPU
		{9EC4F49E-0201-4E00-9506-D5008B874D3B}.v4.5_Debug|Mixed Platforms.ActiveCfg = v4.5_Debug|Any CPU
		{9EC4F49E-0201-4E00-9506-D5008B874D3B}.v4.5_Debug|Mixed Platforms.Build.0 = v4.5_Debug|Any CPU
		{9EC4F49E-0201-4E00-9506-D5008B874D3B}.v4.5_Release|Any CPU.ActiveCfg = v4.5_Release|Any CPU
		{9EC4F49E-0201-4E00-9506-D5008B874D3B}.v4.5_Release|Any CPU.Build.0 = v4.5_Release|Any CPU
		{9EC4F49E-0201-4E00-9506-D5008B874D3B}.v4.5_Release|Mixed Platforms.ActiveCfg = v4.5_Release|Any CPU
		{9EC4F49E-0201-4E00-9506-D5008B874D3B}.v4.5_Release|Mixed Platforms.Build.0 = v4.5_Release|Any CPU
		{B6D64C2A-11D9-44E7-909C-CD0C4C34ADC2}.v4.0_Debug|Any CPU.ActiveCfg = v4.0_Debug|Any CPU
		{B6D64C2A-11D9-44E7-909C-CD0C4C34ADC2}.v4.0_Debug|Any CPU.Build.0 = v4.0_Debug|Any CPU
		{B6D64C2A-11D9-44E7-909C-CD0C4C34ADC2}.v4.0_Debug|Mixed Platforms.ActiveCfg = v4.0_Debug|Any CPU
		{B6D64C2A-11D9-44E7-909C-CD0C4C34ADC2}.v4.0_Debug|Mixed Platforms.Build.0 = v4.0_Debug|Any CPU
		{B6D64C2A-11D9-44E7-909C-CD0C4C34ADC2}.v4.0_Release|Any CPU.ActiveCfg = v4.0_Release|Any CPU
		{B6D64C2A-11D9-44E7-909C-CD0C4C34ADC2}.v4.0_Release|Any CPU.Build.0 = v4.0_Release|Any CPU
		{B6D64C2A-11D9-44E7-909C-CD0C4C34ADC2}.v4.0_Release|Mixed Platforms.ActiveCfg = v4.0_Release|Any CPU
		{B6D64C2A-11D9-44E7-909C-CD0C4C34ADC2}.v4.0_Release|Mixed Platforms.Build.0 = v4.0_Release|Any CPU
		{B6D64C2A-11D9-44E7-909C-CD0C4C34ADC2}.v4.5_Debug|Any CPU.ActiveCfg = v4.5_Debug|Any CPU
		{B6D64C2A-11D9-44E7-909C-CD0C4C34ADC2}.v4.5_Debug|Any CPU.Build.0 = v4.5_Debug|Any CPU
		{B6D64C2A-11D9-44E7-909C-CD0C4C34ADC2}.v4.5_Debug|Mixed Platforms.ActiveCfg = v4.5_Debug|Any CPU
		{B6D64C2A-11D9-44E7-909C-CD0C4C34ADC2}.v4.5_Debug|Mixed Platforms.Build.0 = v4.5_Debug|Any CPU
		{B6D64C2A-11D9-44E7-909C-CD0C4C34ADC2}.v4.5_Release|Any CPU.ActiveCfg = v4.5_Release|Any CPU
		{B6D64C2A-11D9-44E7-909C-CD0C4C34ADC2}.v4.5_Release|Any CPU.Build.0 = v4.5_Release|Any CPU
		{B6D64C2A-11D9-44E7-909C-CD0C4C34ADC2}.v4.5_Release|Mixed Platforms.ActiveCfg = v4.5_Release|Any CPU
		{B6D64C2A-11D9-44E7-909C-CD0C4C34ADC2}.v4.5_Release|Mixed Platforms.Build.0 = v4.5_Release|Any CPU
		{B625F2B1-9762-4305-982A-E2B817FC8C0D}.v4.0_Debug|Any CPU.ActiveCfg = Debug|Any CPU
		{B625F2B1-9762-4305-982A-E2B817FC8C0D}.v4.0_Debug|Mixed Platforms.ActiveCfg = Debug|Any CPU
		{B625F2B1-9762-4305-982A-E2B817FC8C0D}.v4.0_Debug|Mixed Platforms.Build.0 = Debug|Any CPU
		{B625F2B1-9762-4305-982A-E2B817FC8C0D}.v4.0_Release|Any CPU.ActiveCfg = Release|Any CPU
		{B625F2B1-9762-4305-982A-E2B817FC8C0D}.v4.0_Release|Mixed Platforms.ActiveCfg = Release|Any CPU
		{B625F2B1-9762-4305-982A-E2B817FC8C0D}.v4.0_Release|Mixed Platforms.Build.0 = Release|Any CPU
		{B625F2B1-9762-4305-982A-E2B817FC8C0D}.v4.5_Debug|Any CPU.ActiveCfg = Debug|Any CPU
		{B625F2B1-9762-4305-982A-E2B817FC8C0D}.v4.5_Debug|Mixed Platforms.ActiveCfg = Debug|Any CPU
		{B625F2B1-9762-4305-982A-E2B817FC8C0D}.v4.5_Debug|Mixed Platforms.Build.0 = Debug|Any CPU
		{B625F2B1-9762-4305-982A-E2B817FC8C0D}.v4.5_Release|Any CPU.ActiveCfg = Release|Any CPU
		{B625F2B1-9762-4305-982A-E2B817FC8C0D}.v4.5_Release|Mixed Platforms.ActiveCfg = Release|Any CPU
		{B625F2B1-9762-4305-982A-E2B817FC8C0D}.v4.5_Release|Mixed Platforms.Build.0 = Release|Any CPU
		{81C44668-8AB7-4B98-B55B-F478C732C54C}.v4.0_Debug|Any CPU.ActiveCfg = Debug|Any CPU
		{81C44668-8AB7-4B98-B55B-F478C732C54C}.v4.0_Debug|Any CPU.Build.0 = Debug|Any CPU
		{81C44668-8AB7-4B98-B55B-F478C732C54C}.v4.0_Debug|Mixed Platforms.ActiveCfg = Debug|Any CPU
		{81C44668-8AB7-4B98-B55B-F478C732C54C}.v4.0_Debug|Mixed Platforms.Build.0 = Debug|Any CPU
		{81C44668-8AB7-4B98-B55B-F478C732C54C}.v4.0_Release|Any CPU.ActiveCfg = Release|Any CPU
		{81C44668-8AB7-4B98-B55B-F478C732C54C}.v4.0_Release|Any CPU.Build.0 = Release|Any CPU
		{81C44668-8AB7-4B98-B55B-F478C732C54C}.v4.0_Release|Mixed Platforms.ActiveCfg = Release|Any CPU
		{81C44668-8AB7-4B98-B55B-F478C732C54C}.v4.0_Release|Mixed Platforms.Build.0 = Release|Any CPU
		{81C44668-8AB7-4B98-B55B-F478C732C54C}.v4.5_Debug|Any CPU.ActiveCfg = Debug|Any CPU
		{81C44668-8AB7-4B98-B55B-F478C732C54C}.v4.5_Debug|Any CPU.Build.0 = Debug|Any CPU
		{81C44668-8AB7-4B98-B55B-F478C732C54C}.v4.5_Debug|Mixed Platforms.ActiveCfg = Debug|Any CPU
		{81C44668-8AB7-4B98-B55B-F478C732C54C}.v4.5_Debug|Mixed Platforms.Build.0 = Debug|Any CPU
		{81C44668-8AB7-4B98-B55B-F478C732C54C}.v4.5_Release|Any CPU.ActiveCfg = Release|Any CPU
		{81C44668-8AB7-4B98-B55B-F478C732C54C}.v4.5_Release|Any CPU.Build.0 = Release|Any CPU
		{81C44668-8AB7-4B98-B55B-F478C732C54C}.v4.5_Release|Mixed Platforms.ActiveCfg = Release|Any CPU
		{81C44668-8AB7-4B98-B55B-F478C732C54C}.v4.5_Release|Mixed Platforms.Build.0 = Release|Any CPU
		{0769E54C-4E6C-4BC3-8559-4BC0770D91FE}.v4.0_Debug|Any CPU.ActiveCfg = v4.0_Debug|Any CPU
		{0769E54C-4E6C-4BC3-8559-4BC0770D91FE}.v4.0_Debug|Any CPU.Build.0 = v4.0_Debug|Any CPU
		{0769E54C-4E6C-4BC3-8559-4BC0770D91FE}.v4.0_Debug|Mixed Platforms.ActiveCfg = v4.0_Debug|Any CPU
		{0769E54C-4E6C-4BC3-8559-4BC0770D91FE}.v4.0_Debug|Mixed Platforms.Build.0 = v4.0_Debug|Any CPU
		{0769E54C-4E6C-4BC3-8559-4BC0770D91FE}.v4.0_Release|Any CPU.ActiveCfg = v4.0_Release|Any CPU
		{0769E54C-4E6C-4BC3-8559-4BC0770D91FE}.v4.0_Release|Any CPU.Build.0 = v4.0_Release|Any CPU
		{0769E54C-4E6C-4BC3-8559-4BC0770D91FE}.v4.0_Release|Mixed Platforms.ActiveCfg = v4.0_Release|Any CPU
		{0769E54C-4E6C-4BC3-8559-4BC0770D91FE}.v4.0_Release|Mixed Platforms.Build.0 = v4.0_Release|Any CPU
		{0769E54C-4E6C-4BC3-8559-4BC0770D91FE}.v4.5_Debug|Any CPU.ActiveCfg = v4.5_Debug|Any CPU
		{0769E54C-4E6C-4BC3-8559-4BC0770D91FE}.v4.5_Debug|Any CPU.Build.0 = v4.5_Debug|Any CPU
		{0769E54C-4E6C-4BC3-8559-4BC0770D91FE}.v4.5_Debug|Mixed Platforms.ActiveCfg = v4.5_Debug|Any CPU
		{0769E54C-4E6C-4BC3-8559-4BC0770D91FE}.v4.5_Debug|Mixed Platforms.Build.0 = v4.5_Debug|Any CPU
		{0769E54C-4E6C-4BC3-8559-4BC0770D91FE}.v4.5_Release|Any CPU.ActiveCfg = v4.5_Release|Any CPU
		{0769E54C-4E6C-4BC3-8559-4BC0770D91FE}.v4.5_Release|Any CPU.Build.0 = v4.5_Release|Any CPU
		{0769E54C-4E6C-4BC3-8559-4BC0770D91FE}.v4.5_Release|Mixed Platforms.ActiveCfg = v4.5_Release|Any CPU
		{0769E54C-4E6C-4BC3-8559-4BC0770D91FE}.v4.5_Release|Mixed Platforms.Build.0 = v4.5_Release|Any CPU
	EndGlobalSection
	GlobalSection(SolutionProperties) = preSolution
		HideSolutionNode = FALSE
	EndGlobalSection
	GlobalSection(NestedProjects) = preSolution
		{79135144-F37C-44E2-8CA6-B8742820E09A} = {831B6A87-17BB-4657-9805-A08AAECB014E}
		{9EC4F49E-0201-4E00-9506-D5008B874D3B} = {831B6A87-17BB-4657-9805-A08AAECB014E}
		{B6D64C2A-11D9-44E7-909C-CD0C4C34ADC2} = {831B6A87-17BB-4657-9805-A08AAECB014E}
		{2BC9946E-EB4F-482A-A281-08668DD8E10A} = {831B6A87-17BB-4657-9805-A08AAECB014E}
		{B625F2B1-9762-4305-982A-E2B817FC8C0D} = {2BC9946E-EB4F-482A-A281-08668DD8E10A}
		{0769E54C-4E6C-4BC3-8559-4BC0770D91FE} = {831B6A87-17BB-4657-9805-A08AAECB014E}
	EndGlobalSection
EndGlobal
